
Microsoft Visual Studio Solution File, Format Version 12.00
# Visual Studio Version 16
VisualStudioVersion = 16.0.29519.181
MinimumVisualStudioVersion = 10.0.40219.1
Project("{FAE04EC0-301F-11D3-BF4B-00C04F79EFBC}") = "azure devops", "azure devops\azure devops.csproj", "{D251F80A-6C79-40CA-9116-4FA14ECD1C76}"
EndProject
Global
	GlobalSection(SolutionConfigurationPlatforms) = preSolution
		Debug|Any CPU = Debug|Any CPU
		Release|Any CPU = Release|Any CPU
	EndGlobalSection
	GlobalSection(ProjectConfigurationPlatforms) = postSolution
		{D251F80A-6C79-40CA-9116-4FA14ECD1C76}.Debug|Any CPU.ActiveCfg = Debug|Any CPU
		{D251F80A-6C79-40CA-9116-4FA14ECD1C76}.Debug|Any CPU.Build.0 = Debug|Any CPU
		{D251F80A-6C79-40CA-9116-4FA14ECD1C76}.Release|Any CPU.ActiveCfg = Release|Any CPU
		{D251F80A-6C79-40CA-9116-4FA14ECD1C76}.Release|Any CPU.Build.0 = Release|Any CPU
	EndGlobalSection
	GlobalSection(SolutionProperties) = preSolution
		HideSolutionNode = FALSE
	EndGlobalSection
	GlobalSection(ExtensibilityGlobals) = postSolution
		SolutionGuid = {F949E97E-CB01-4FA2-B0A6-113373A708FB}
	EndGlobalSection
EndGlobal
